{
  "name": "pretty_toolchain",
  "version": "1.0.0",
  "lockfileVersion": 1,
  "requires": true,
  "dependencies": {
    "color-name-list": {
      "version": "4.10.0",
      "resolved": "https://registry.npmjs.org/color-name-list/-/color-name-list-4.10.0.tgz",
      "integrity": "sha512-6U3ej4nWpUryklMvqX+TJuHvoA+4u8NROxH6vM1DHkxFKbSb4BFURrkLucnH1BHoehAy2dbRJF3FDju1ohcv0g=="
    },
    "colornames": {
      "version": "github:timoxley/colornames#d61b23141e2659782ae941b2089b73f48aafdd67",
      "from": "github:timoxley/colornames"
    },
    "pngjs": {
      "version": "3.4.0",
      "resolved": "https://registry.npmjs.org/pngjs/-/pngjs-3.4.0.tgz",
      "integrity": "sha512-NCrCHhWmnQklfH4MtJMRjZ2a8c80qXeMlQMv2uVp9ISJMTt562SbGd6n2oq0PaPgKm7Z6pL9E2UlLIhC+SHL3w=="
    }
  }
}
